{
  "name": "mini-game-workflow",
  "version": "0.1.0",
  "lockfileVersion": 3,
  "requires": true,
  "packages": {
    "": {
      "name": "mini-game-workflow",
      "version": "0.1.0",
      "workspaces": [
        "apps/*/client",
        "packages/*",
        "services/*"
      ],
      "devDependencies": {
        "typescript": "^5.8.2"
      }
    },
    "apps/game-sample/client": {
      "name": "@mini-game-workflow/game-sample-client",
      "version": "0.1.0",
      "dependencies": {
        "@mini-game-workflow/game-core-client": "file:../../../packages/game-core-client",
        "@mini-game-workflow/game-core-types": "file:../../../packages/game-core-types"
      }
    },
    "apps/ski-endless/client": {
      "name": "@mini-game-workflow/ski-endless-client",
      "version": "0.1.0"
    },
    "node_modules/@mini-game-workflow/admin-web": {
      "resolved": "services/admin-web",
      "link": true
    },
    "node_modules/@mini-game-workflow/api-server": {
      "resolved": "services/api-server",
      "link": true
    },
    "node_modules/@mini-game-workflow/game-core-client": {
      "resolved": "packages/game-core-client",
      "link": true
    },
    "node_modules/@mini-game-workflow/game-core-types": {
      "resolved": "packages/game-core-types",
      "link": true
    },
    "node_modules/@mini-game-workflow/game-sample-client": {
      "resolved": "apps/game-sample/client",
      "link": true
    },
    "node_modules/@mini-game-workflow/ski-endless-client": {
      "resolved": "apps/ski-endless/client",
      "link": true
    },
    "node_modules/typescript": {
      "version": "5.9.3",
      "resolved": "https://registry.npmjs.org/typescript/-/typescript-5.9.3.tgz",
      "integrity": "sha512-jl1vZzPDinLr9eUt3J/t7V6FgNEw9QjvBPdysz9KfQDD41fQrC2Y4vKQdiaUpFT4bXlb1RHhLpp8wtm6M5TgSw==",
      "dev": true,
      "license": "Apache-2.0",
      "bin": {
        "tsc": "bin/tsc",
        "tsserver": "bin/tsserver"
      },
      "engines": {
        "node": ">=14.17"
      }
    },
    "packages/game-core-client": {
      "name": "@mini-game-workflow/game-core-client",
      "version": "0.1.0",
      "dependencies": {
        "@mini-game-workflow/game-core-types": "file:../game-core-types"
      }
    },
    "packages/game-core-types": {
      "name": "@mini-game-workflow/game-core-types",
      "version": "0.1.0"
    },
    "services/admin-web": {
      "name": "@mini-game-workflow/admin-web",
      "version": "0.1.0",
      "dependencies": {
        "@mini-game-workflow/game-core-types": "file:../../packages/game-core-types"
      }
    },
    "services/api-server": {
      "name": "@mini-game-workflow/api-server",
      "version": "0.1.0",
      "dependencies": {
        "@mini-game-workflow/game-core-types": "file:../../packages/game-core-types"
      }
    }
  }
}
